Microsoft Visual Studio Solution File, Format Version 12.00
# Visual Studio 2012
Project("{FAE04EC0-301F-11D3-BF4B-00C04F79EFBC}") = "SnailMaster", "SnailMaster.csproj", "{B38DFA5D-F2AB-4C7C-89B0-4FD72B7F309F}"
EndProject
Global
	GlobalSection(SolutionConfigurationPlatforms) = preSolution
	Debug|Any CPU = Debug|Any CPU
	ExportDebug|Any CPU = ExportDebug|Any CPU
	ExportRelease|Any CPU = ExportRelease|Any CPU
	EndGlobalSection
	GlobalSection(ProjectConfigurationPlatforms) = postSolution
		{B38DFA5D-F2AB-4C7C-89B0-4FD72B7F309F}.Debug|Any CPU.ActiveCfg = Debug|Any CPU
		{B38DFA5D-F2AB-4C7C-89B0-4FD72B7F309F}.Debug|Any CPU.Build.0 = Debug|Any CPU
		{B38DFA5D-F2AB-4C7C-89B0-4FD72B7F309F}.ExportDebug|Any CPU.ActiveCfg = ExportDebug|Any CPU
		{B38DFA5D-F2AB-4C7C-89B0-4FD72B7F309F}.ExportDebug|Any CPU.Build.0 = ExportDebug|Any CPU
		{B38DFA5D-F2AB-4C7C-89B0-4FD72B7F309F}.ExportRelease|Any CPU.ActiveCfg = ExportRelease|Any CPU
		{B38DFA5D-F2AB-4C7C-89B0-4FD72B7F309F}.ExportRelease|Any CPU.Build.0 = ExportRelease|Any CPU
	EndGlobalSection
EndGlobal
